
Microsoft Visual Studio Solution File, Format Version 12.00
# Visual Studio Version 16
VisualStudioVersion = 16.0.30406.217
MinimumVisualStudioVersion = 10.0.40219.1
Project("{FAE04EC0-301F-11D3-BF4B-00C04F79EFBC}") = "SteamMarketAgent", "SteamMarketAgent.csproj", "{50EF4CA4-A755-4B3B-8AB3-A50E1AB139B4}"
EndProject
Global
	GlobalSection(SolutionConfigurationPlatforms) = preSolution
		Debug|Any CPU = Debug|Any CPU
		Release|Any CPU = Release|Any CPU
	EndGlobalSection
	GlobalSection(ProjectConfigurationPlatforms) = postSolution
		{50EF4CA4-A755-4B3B-8AB3-A50E1AB139B4}.Debug|Any CPU.ActiveCfg = Debug|Any CPU
		{50EF4CA4-A755-4B3B-8AB3-A50E1AB139B4}.Debug|Any CPU.Build.0 = Debug|Any CPU
		{50EF4CA4-A755-4B3B-8AB3-A50E1AB139B4}.Release|Any CPU.ActiveCfg = Release|Any CPU
		{50EF4CA4-A755-4B3B-8AB3-A50E1AB139B4}.Release|Any CPU.Build.0 = Release|Any CPU
	EndGlobalSection
	GlobalSection(SolutionProperties) = preSolution
		HideSolutionNode = FALSE
	EndGlobalSection
	GlobalSection(ExtensibilityGlobals) = postSolution
		SolutionGuid = {B61F46DB-456E-46F1-85BD-BF933BCB7C5E}
	EndGlobalSection
EndGlobal
